
Microsoft Visual Studio Solution File, Format Version 12.00
# Visual Studio Version 16
VisualStudioVersion = 16.0.29102.190
MinimumVisualStudioVersion = 10.0.40219.1
Project("{FAE04EC0-301F-11D3-BF4B-00C04F79EFBC}") = "View", "View\View.csproj", "{1C46BFDC-9731-43FC-9C4C-D504A9CACF85}"
EndProject
Project("{FAE04EC0-301F-11D3-BF4B-00C04F79EFBC}") = "Model", "Model\Model.csproj", "{1C201A75-B5B2-4043-A66A-B9EC89DD8E34}"
EndProject
Project("{FAE04EC0-301F-11D3-BF4B-00C04F79EFBC}") = "Repository", "Repository\Repository.csproj", "{31068FB3-044C-463C-92D7-CF6A00C2A80F}"
EndProject
Global
	GlobalSection(SolutionConfigurationPlatforms) = preSolution
		Debug|Any CPU = Debug|Any CPU
		Release|Any CPU = Release|Any CPU
	EndGlobalSection
	GlobalSection(ProjectConfigurationPlatforms) = postSolution
		{1C46BFDC-9731-43FC-9C4C-D504A9CACF85}.Debug|Any CPU.ActiveCfg = Debug|Any CPU
		{1C46BFDC-9731-43FC-9C4C-D504A9CACF85}.Debug|Any CPU.Build.0 = Debug|Any CPU
		{1C46BFDC-9731-43FC-9C4C-D504A9CACF85}.Release|Any CPU.ActiveCfg = Release|Any CPU
		{1C46BFDC-9731-43FC-9C4C-D504A9CACF85}.Release|Any CPU.Build.0 = Release|Any CPU
		{1C201A75-B5B2-4043-A66A-B9EC89DD8E34}.Debug|Any CPU.ActiveCfg = Debug|Any CPU
		{1C201A75-B5B2-4043-A66A-B9EC89DD8E34}.Debug|Any CPU.Build.0 = Debug|Any CPU
		{1C201A75-B5B2-4043-A66A-B9EC89DD8E34}.Release|Any CPU.ActiveCfg = Release|Any CPU
		{1C201A75-B5B2-4043-A66A-B9EC89DD8E34}.Release|Any CPU.Build.0 = Release|Any CPU
		{31068FB3-044C-463C-92D7-CF6A00C2A80F}.Debug|Any CPU.ActiveCfg = Debug|Any CPU
		{31068FB3-044C-463C-92D7-CF6A00C2A80F}.Debug|Any CPU.Build.0 = Debug|Any CPU
		{31068FB3-044C-463C-92D7-CF6A00C2A80F}.Release|Any CPU.ActiveCfg = Release|Any CPU
		{31068FB3-044C-463C-92D7-CF6A00C2A80F}.Release|Any CPU.Build.0 = Release|Any CPU
	EndGlobalSection
	GlobalSection(SolutionProperties) = preSolution
		HideSolutionNode = FALSE
	EndGlobalSection
	GlobalSection(ExtensibilityGlobals) = postSolution
		SolutionGuid = {566CEF5D-2A1E-4C7F-BA90-F3551EA20C5C}
	EndGlobalSection
EndGlobal
